
Microsoft Visual Studio Solution File, Format Version 12.00
# Visual Studio Version 16
VisualStudioVersion = 16.0.30320.27
MinimumVisualStudioVersion = 10.0.40219.1
Project("{FAE04EC0-301F-11D3-BF4B-00C04F79EFBC}") = "GetProductVersion", "GetProductVersion\GetProductVersion.csproj", "{4F17AF50-4BB8-4CB3-887E-C965F2E988D3}"
EndProject
Global
	GlobalSection(SolutionConfigurationPlatforms) = preSolution
		Debug|Any CPU = Debug|Any CPU
		Release|Any CPU = Release|Any CPU
	EndGlobalSection
	GlobalSection(ProjectConfigurationPlatforms) = postSolution
		{4F17AF50-4BB8-4CB3-887E-C965F2E988D3}.Debug|Any CPU.ActiveCfg = Debug|Any CPU
		{4F17AF50-4BB8-4CB3-887E-C965F2E988D3}.Debug|Any CPU.Build.0 = Debug|Any CPU
		{4F17AF50-4BB8-4CB3-887E-C965F2E988D3}.Release|Any CPU.ActiveCfg = Release|Any CPU
		{4F17AF50-4BB8-4CB3-887E-C965F2E988D3}.Release|Any CPU.Build.0 = Release|Any CPU
	EndGlobalSection
	GlobalSection(SolutionProperties) = preSolution
		HideSolutionNode = FALSE
	EndGlobalSection
	GlobalSection(ExtensibilityGlobals) = postSolution
		SolutionGuid = {92344BBC-71D3-422F-9AFD-D40A5EC491C7}
	EndGlobalSection
EndGlobal
